PODS:
  - ISFIRVersionCheck (0.1.0)

DEPENDENCIES:
  - ISFIRVersionCheck (from `../`)

EXTERNAL SOURCES:
  ISFIRVersionCheck:
    :path: "../"

SPEC CHECKSUMS:
  ISFIRVersionCheck: 2f31f9596c63f218df6cea6b03079a14dad902c5

PODFILE CHECKSUM: 864bb3da9bf8327c65daec21ce7345ae6350db09

COCOAPODS: 1.0.1
